
Microsoft Visual Studio Solution File, Format Version 12.00
# Visual Studio 15
VisualStudioVersion = 15.0.27428.2005
MinimumVisualStudioVersion = 10.0.40219.1
Project("{9A19103F-16F7-4668-BE54-9A1E7A4F7556}") = "Core.SMTP", "Core.SMTP\Core.SMTP.csproj", "{F132B1B3-730C-450A-B752-2DCA0BC0D6E6}"
EndProject
Project("{9A19103F-16F7-4668-BE54-9A1E7A4F7556}") = "Core.Mail", "Core.Mail\Core.Mail.csproj", "{4E61B84D-9777-466C-AD13-52273D02DC9B}"
EndProject
Project("{9A19103F-16F7-4668-BE54-9A1E7A4F7556}") = "Core.Logging", "Core.Logging\Core.Logging.csproj", "{30FA3310-63DD-4D92-8E6B-3D4EA8B917FE}"
EndProject
Project("{9A19103F-16F7-4668-BE54-9A1E7A4F7556}") = "Consumer", "Consumer\Consumer.csproj", "{83AAF5AB-B373-4379-8CE2-4BEEDCAD5BCD}"
EndProject
Project("{2150E333-8FDC-42A3-9474-1A3956D46DE8}") = "NuGet", "NuGet", "{A3062D42-1023-4A05-A625-DC892142B303}"
	ProjectSection(SolutionItems) = preProject
		nuget.config = nuget.config
		nuget.exe = nuget.exe
	EndProjectSection
EndProject
Global
	GlobalSection(SolutionConfigurationPlatforms) = preSolution
		Debug|Any CPU = Debug|Any CPU
		Release|Any CPU = Release|Any CPU
	EndGlobalSection
	GlobalSection(ProjectConfigurationPlatforms) = postSolution
		{F132B1B3-730C-450A-B752-2DCA0BC0D6E6}.Debug|Any CPU.ActiveCfg = Debug|Any CPU
		{F132B1B3-730C-450A-B752-2DCA0BC0D6E6}.Debug|Any CPU.Build.0 = Debug|Any CPU
		{F132B1B3-730C-450A-B752-2DCA0BC0D6E6}.Release|Any CPU.ActiveCfg = Release|Any CPU
		{F132B1B3-730C-450A-B752-2DCA0BC0D6E6}.Release|Any CPU.Build.0 = Release|Any CPU
		{4E61B84D-9777-466C-AD13-52273D02DC9B}.Debug|Any CPU.ActiveCfg = Debug|Any CPU
		{4E61B84D-9777-466C-AD13-52273D02DC9B}.Debug|Any CPU.Build.0 = Debug|Any CPU
		{4E61B84D-9777-466C-AD13-52273D02DC9B}.Release|Any CPU.ActiveCfg = Release|Any CPU
		{4E61B84D-9777-466C-AD13-52273D02DC9B}.Release|Any CPU.Build.0 = Release|Any CPU
		{30FA3310-63DD-4D92-8E6B-3D4EA8B917FE}.Debug|Any CPU.ActiveCfg = Debug|Any CPU
		{30FA3310-63DD-4D92-8E6B-3D4EA8B917FE}.Debug|Any CPU.Build.0 = Debug|Any CPU
		{30FA3310-63DD-4D92-8E6B-3D4EA8B917FE}.Release|Any CPU.ActiveCfg = Release|Any CPU
		{30FA3310-63DD-4D92-8E6B-3D4EA8B917FE}.Release|Any CPU.Build.0 = Release|Any CPU
		{83AAF5AB-B373-4379-8CE2-4BEEDCAD5BCD}.Debug|Any CPU.ActiveCfg = Debug|Any CPU
		{83AAF5AB-B373-4379-8CE2-4BEEDCAD5BCD}.Debug|Any CPU.Build.0 = Debug|Any CPU
		{83AAF5AB-B373-4379-8CE2-4BEEDCAD5BCD}.Release|Any CPU.ActiveCfg = Release|Any CPU
		{83AAF5AB-B373-4379-8CE2-4BEEDCAD5BCD}.Release|Any CPU.Build.0 = Release|Any CPU
	EndGlobalSection
	GlobalSection(SolutionProperties) = preSolution
		HideSolutionNode = FALSE
	EndGlobalSection
	GlobalSection(ExtensibilityGlobals) = postSolution
		SolutionGuid = {011A3F9B-B488-47A1-B744-840E84AB9B57}
	EndGlobalSection
EndGlobal
